
Microsoft Visual Studio Solution File, Format Version 12.00
# Visual Studio Version 16
VisualStudioVersion = 16.6.30114.105
MinimumVisualStudioVersion = 10.0.40219.1
Project("{2150E333-8FDC-42A3-9474-1A3956D46DE8}") = "Solution Items", "Solution Items", "{635BF1D9-4C34-41CC-BB9C-FF6D76F09379}"
	ProjectSection(SolutionItems) = preProject
		NCloud.header = NCloud.header
	EndProjectSection
EndProject
Project("{9A19103F-16F7-4668-BE54-9A1E7A4F7556}") = "NCloud.App", "NCloud.App\NCloud.App.csproj", "{EEBDD2B8-FB18-4ACB-8FD1-4EB92A130B3E}"
EndProject
Project("{2150E333-8FDC-42A3-9474-1A3956D46DE8}") = "Test", "Test", "{80F04E3C-FAA2-403D-BB0B-371424F9B9E4}"
EndProject
Project("{9A19103F-16F7-4668-BE54-9A1E7A4F7556}") = "NCloud.FileProviders.Abstractions", "NCloud.FileProviders.Abstractions\NCloud.FileProviders.Abstractions.csproj", "{FB85835F-F578-4E92-9EF6-E6C72C889E44}"
EndProject
Project("{9A19103F-16F7-4668-BE54-9A1E7A4F7556}") = "NCloud.Utils", "NCloud.Utils\NCloud.Utils.csproj", "{7F069277-0DF7-4FB8-AAB3-CDC5AFCE7021}"
EndProject
Project("{9A19103F-16F7-4668-BE54-9A1E7A4F7556}") = "NCloud.FileProviders.Physical", "NCloud.FileProviders.Physical\NCloud.FileProviders.Physical.csproj", "{C044A980-32A9-451E-BFFA-D01CD8DE3BD7}"
EndProject
Project("{9A19103F-16F7-4668-BE54-9A1E7A4F7556}") = "NCloud.FileProviders.PhysicalTests", "NCloud.FileProviders.PhysicalTests\NCloud.FileProviders.PhysicalTests.csproj", "{C70A75D3-97F9-469C-BC44-07A34DB9454F}"
EndProject
Project("{9A19103F-16F7-4668-BE54-9A1E7A4F7556}") = "NCloud.FileProviders.GitHub", "NCloud.FileProviders.GitHub\NCloud.FileProviders.GitHub.csproj", "{7B191211-EAD9-49AA-B73D-795BE63DBF66}"
EndProject
Project("{9A19103F-16F7-4668-BE54-9A1E7A4F7556}") = "NCloud.FileProviders.GitHubTests", "NCloud.FileProviders.GitHubTests\NCloud.FileProviders.GitHubTests.csproj", "{E402EF6A-7D84-4ED0-BAA5-06D356D08A2C}"
EndProject
Project("{9A19103F-16F7-4668-BE54-9A1E7A4F7556}") = "NCloud.StaticServer", "NCloud.StaticServer\NCloud.StaticServer.csproj", "{B0D57E47-613B-40B1-B57D-7F6D52771832}"
EndProject
Project("{9A19103F-16F7-4668-BE54-9A1E7A4F7556}") = "NCloud.FileProviders.Virtual", "NCloud.FileProviders.Virtual\NCloud.FileProviders.Virtual.csproj", "{1F15624F-D626-4D4C-BDF0-DC85695FF6C9}"
EndProject
Project("{9A19103F-16F7-4668-BE54-9A1E7A4F7556}") = "NCloud.FileProviders.VirtualTests", "NCloud.FileProviders.VirtualTests\NCloud.FileProviders.VirtualTests.csproj", "{1BE3747A-60A1-472E-A6C2-2110BB5791ED}"
EndProject
Project("{9A19103F-16F7-4668-BE54-9A1E7A4F7556}") = "NCloud.UtilsTests", "NCloud.UtilsTests\NCloud.UtilsTests.csproj", "{F7241C5B-C816-4057-980D-AEB0FC053EB3}"
EndProject
Project("{9A19103F-16F7-4668-BE54-9A1E7A4F7556}") = "NCloud.EndPoints.Common", "NCloud.EndPoints.Common\NCloud.EndPoints.Common.csproj", "{3E8C703C-D83D-4A7C-90DD-8119CBA9E28F}"
EndProject
Project("{9A19103F-16F7-4668-BE54-9A1E7A4F7556}") = "NCloud.EndPoints.Static", "NCloud.EndPoints.Static\NCloud.EndPoints.Static.csproj", "{2314DEF7-5747-47A5-B0B2-4A0AFA9D81DA}"
EndProject
Project("{9A19103F-16F7-4668-BE54-9A1E7A4F7556}") = "NCloud.EndPoints.FTP", "NCloud.EndPoints.FTP\NCloud.EndPoints.FTP.csproj", "{0C37E7CE-1642-4181-B707-94B90868008A}"
EndProject
Project("{9A19103F-16F7-4668-BE54-9A1E7A4F7556}") = "NCloud.FileProviders.Support", "NCloud.FileProviders.Support\NCloud.FileProviders.Support.csproj", "{FD6AD081-1FFE-478C-9D71-C9B2B8C0489B}"
EndProject
Project("{9A19103F-16F7-4668-BE54-9A1E7A4F7556}") = "NCloud.FileProviders.SupportTests", "NCloud.FileProviders.SupportTests\NCloud.FileProviders.SupportTests.csproj", "{1BE1A04E-2A75-43F9-85F5-2F3A9C91CDEB}"
EndProject
Project("{FAE04EC0-301F-11D3-BF4B-00C04F79EFBC}") = "NCloud.Core", "NCloud.Core\NCloud.Core.csproj", "{D45EC876-7484-417B-8CFE-A40FF225B598}"
EndProject
Global
	GlobalSection(SolutionConfigurationPlatforms) = preSolution
		Debug|Any CPU = Debug|Any CPU
		Debug|x64 = Debug|x64
		Debug|x86 = Debug|x86
		Release|Any CPU = Release|Any CPU
		Release|x64 = Release|x64
		Release|x86 = Release|x86
	EndGlobalSection
	GlobalSection(ProjectConfigurationPlatforms) = postSolution
		{EEBDD2B8-FB18-4ACB-8FD1-4EB92A130B3E}.Debug|Any CPU.ActiveCfg = Debug|Any CPU
		{EEBDD2B8-FB18-4ACB-8FD1-4EB92A130B3E}.Debug|Any CPU.Build.0 = Debug|Any CPU
		{EEBDD2B8-FB18-4ACB-8FD1-4EB92A130B3E}.Debug|x64.ActiveCfg = Debug|Any CPU
		{EEBDD2B8-FB18-4ACB-8FD1-4EB92A130B3E}.Debug|x64.Build.0 = Debug|Any CPU
		{EEBDD2B8-FB18-4ACB-8FD1-4EB92A130B3E}.Debug|x86.ActiveCfg = Debug|Any CPU
		{EEBDD2B8-FB18-4ACB-8FD1-4EB92A130B3E}.Debug|x86.Build.0 = Debug|Any CPU
		{EEBDD2B8-FB18-4ACB-8FD1-4EB92A130B3E}.Release|Any CPU.ActiveCfg = Release|Any CPU
		{EEBDD2B8-FB18-4ACB-8FD1-4EB92A130B3E}.Release|Any CPU.Build.0 = Release|Any CPU
		{EEBDD2B8-FB18-4ACB-8FD1-4EB92A130B3E}.Release|x64.ActiveCfg = Release|Any CPU
		{EEBDD2B8-FB18-4ACB-8FD1-4EB92A130B3E}.Release|x64.Build.0 = Release|Any CPU
		{EEBDD2B8-FB18-4ACB-8FD1-4EB92A130B3E}.Release|x86.ActiveCfg = Release|Any CPU
		{EEBDD2B8-FB18-4ACB-8FD1-4EB92A130B3E}.Release|x86.Build.0 = Release|Any CPU
		{FB85835F-F578-4E92-9EF6-E6C72C889E44}.Debug|Any CPU.ActiveCfg = Debug|Any CPU
		{FB85835F-F578-4E92-9EF6-E6C72C889E44}.Debug|Any CPU.Build.0 = Debug|Any CPU
		{FB85835F-F578-4E92-9EF6-E6C72C889E44}.Debug|x64.ActiveCfg = Debug|Any CPU
		{FB85835F-F578-4E92-9EF6-E6C72C889E44}.Debug|x64.Build.0 = Debug|Any CPU
		{FB85835F-F578-4E92-9EF6-E6C72C889E44}.Debug|x86.ActiveCfg = Debug|Any CPU
		{FB85835F-F578-4E92-9EF6-E6C72C889E44}.Debug|x86.Build.0 = Debug|Any CPU
		{FB85835F-F578-4E92-9EF6-E6C72C889E44}.Release|Any CPU.ActiveCfg = Release|Any CPU
		{FB85835F-F578-4E92-9EF6-E6C72C889E44}.Release|Any CPU.Build.0 = Release|Any CPU
		{FB85835F-F578-4E92-9EF6-E6C72C889E44}.Release|x64.ActiveCfg = Release|Any CPU
		{FB85835F-F578-4E92-9EF6-E6C72C889E44}.Release|x64.Build.0 = Release|Any CPU
		{FB85835F-F578-4E92-9EF6-E6C72C889E44}.Release|x86.ActiveCfg = Release|Any CPU
		{FB85835F-F578-4E92-9EF6-E6C72C889E44}.Release|x86.Build.0 = Release|Any CPU
		{7F069277-0DF7-4FB8-AAB3-CDC5AFCE7021}.Debug|Any CPU.ActiveCfg = Debug|Any CPU
		{7F069277-0DF7-4FB8-AAB3-CDC5AFCE7021}.Debug|Any CPU.Build.0 = Debug|Any CPU
		{7F069277-0DF7-4FB8-AAB3-CDC5AFCE7021}.Debug|x64.ActiveCfg = Debug|Any CPU
		{7F069277-0DF7-4FB8-AAB3-CDC5AFCE7021}.Debug|x64.Build.0 = Debug|Any CPU
		{7F069277-0DF7-4FB8-AAB3-CDC5AFCE7021}.Debug|x86.ActiveCfg = Debug|Any CPU
		{7F069277-0DF7-4FB8-AAB3-CDC5AFCE7021}.Debug|x86.Build.0 = Debug|Any CPU
		{7F069277-0DF7-4FB8-AAB3-CDC5AFCE7021}.Release|Any CPU.ActiveCfg = Release|Any CPU
		{7F069277-0DF7-4FB8-AAB3-CDC5AFCE7021}.Release|Any CPU.Build.0 = Release|Any CPU
		{7F069277-0DF7-4FB8-AAB3-CDC5AFCE7021}.Release|x64.ActiveCfg = Release|Any CPU
		{7F069277-0DF7-4FB8-AAB3-CDC5AFCE7021}.Release|x64.Build.0 = Release|Any CPU
		{7F069277-0DF7-4FB8-AAB3-CDC5AFCE7021}.Release|x86.ActiveCfg = Release|Any CPU
		{7F069277-0DF7-4FB8-AAB3-CDC5AFCE7021}.Release|x86.Build.0 = Release|Any CPU
		{C044A980-32A9-451E-BFFA-D01CD8DE3BD7}.Debug|Any CPU.ActiveCfg = Debug|Any CPU
		{C044A980-32A9-451E-BFFA-D01CD8DE3BD7}.Debug|Any CPU.Build.0 = Debug|Any CPU
		{C044A980-32A9-451E-BFFA-D01CD8DE3BD7}.Debug|x64.ActiveCfg = Debug|Any CPU
		{C044A980-32A9-451E-BFFA-D01CD8DE3BD7}.Debug|x64.Build.0 = Debug|Any CPU
		{C044A980-32A9-451E-BFFA-D01CD8DE3BD7}.Debug|x86.ActiveCfg = Debug|Any CPU
		{C044A980-32A9-451E-BFFA-D01CD8DE3BD7}.Debug|x86.Build.0 = Debug|Any CPU
		{C044A980-32A9-451E-BFFA-D01CD8DE3BD7}.Release|Any CPU.ActiveCfg = Release|Any CPU
		{C044A980-32A9-451E-BFFA-D01CD8DE3BD7}.Release|Any CPU.Build.0 = Release|Any CPU
		{C044A980-32A9-451E-BFFA-D01CD8DE3BD7}.Release|x64.ActiveCfg = Release|Any CPU
		{C044A980-32A9-451E-BFFA-D01CD8DE3BD7}.Release|x64.Build.0 = Release|Any CPU
		{C044A980-32A9-451E-BFFA-D01CD8DE3BD7}.Release|x86.ActiveCfg = Release|Any CPU
		{C044A980-32A9-451E-BFFA-D01CD8DE3BD7}.Release|x86.Build.0 = Release|Any CPU
		{C70A75D3-97F9-469C-BC44-07A34DB9454F}.Debug|Any CPU.ActiveCfg = Debug|Any CPU
		{C70A75D3-97F9-469C-BC44-07A34DB9454F}.Debug|Any CPU.Build.0 = Debug|Any CPU
		{C70A75D3-97F9-469C-BC44-07A34DB9454F}.Debug|x64.ActiveCfg = Debug|Any CPU
		{C70A75D3-97F9-469C-BC44-07A34DB9454F}.Debug|x64.Build.0 = Debug|Any CPU
		{C70A75D3-97F9-469C-BC44-07A34DB9454F}.Debug|x86.ActiveCfg = Debug|Any CPU
		{C70A75D3-97F9-469C-BC44-07A34DB9454F}.Debug|x86.Build.0 = Debug|Any CPU
		{C70A75D3-97F9-469C-BC44-07A34DB9454F}.Release|Any CPU.ActiveCfg = Release|Any CPU
		{C70A75D3-97F9-469C-BC44-07A34DB9454F}.Release|Any CPU.Build.0 = Release|Any CPU
		{C70A75D3-97F9-469C-BC44-07A34DB9454F}.Release|x64.ActiveCfg = Release|Any CPU
		{C70A75D3-97F9-469C-BC44-07A34DB9454F}.Release|x64.Build.0 = Release|Any CPU
		{C70A75D3-97F9-469C-BC44-07A34DB9454F}.Release|x86.ActiveCfg = Release|Any CPU
		{C70A75D3-97F9-469C-BC44-07A34DB9454F}.Release|x86.Build.0 = Release|Any CPU
		{7B191211-EAD9-49AA-B73D-795BE63DBF66}.Debug|Any CPU.ActiveCfg = Debug|Any CPU
		{7B191211-EAD9-49AA-B73D-795BE63DBF66}.Debug|Any CPU.Build.0 = Debug|Any CPU
		{7B191211-EAD9-49AA-B73D-795BE63DBF66}.Debug|x64.ActiveCfg = Debug|Any CPU
		{7B191211-EAD9-49AA-B73D-795BE63DBF66}.Debug|x64.Build.0 = Debug|Any CPU
		{7B191211-EAD9-49AA-B73D-795BE63DBF66}.Debug|x86.ActiveCfg = Debug|Any CPU
		{7B191211-EAD9-49AA-B73D-795BE63DBF66}.Debug|x86.Build.0 = Debug|Any CPU
		{7B191211-EAD9-49AA-B73D-795BE63DBF66}.Release|Any CPU.ActiveCfg = Release|Any CPU
		{7B191211-EAD9-49AA-B73D-795BE63DBF66}.Release|Any CPU.Build.0 = Release|Any CPU
		{7B191211-EAD9-49AA-B73D-795BE63DBF66}.Release|x64.ActiveCfg = Release|Any CPU
		{7B191211-EAD9-49AA-B73D-795BE63DBF66}.Release|x64.Build.0 = Release|Any CPU
		{7B191211-EAD9-49AA-B73D-795BE63DBF66}.Release|x86.ActiveCfg = Release|Any CPU
		{7B191211-EAD9-49AA-B73D-795BE63DBF66}.Release|x86.Build.0 = Release|Any CPU
		{E402EF6A-7D84-4ED0-BAA5-06D356D08A2C}.Debug|Any CPU.ActiveCfg = Debug|Any CPU
		{E402EF6A-7D84-4ED0-BAA5-06D356D08A2C}.Debug|Any CPU.Build.0 = Debug|Any CPU
		{E402EF6A-7D84-4ED0-BAA5-06D356D08A2C}.Debug|x64.ActiveCfg = Debug|Any CPU
		{E402EF6A-7D84-4ED0-BAA5-06D356D08A2C}.Debug|x64.Build.0 = Debug|Any CPU
		{E402EF6A-7D84-4ED0-BAA5-06D356D08A2C}.Debug|x86.ActiveCfg = Debug|Any CPU
		{E402EF6A-7D84-4ED0-BAA5-06D356D08A2C}.Debug|x86.Build.0 = Debug|Any CPU
		{E402EF6A-7D84-4ED0-BAA5-06D356D08A2C}.Release|Any CPU.ActiveCfg = Release|Any CPU
		{E402EF6A-7D84-4ED0-BAA5-06D356D08A2C}.Release|Any CPU.Build.0 = Release|Any CPU
		{E402EF6A-7D84-4ED0-BAA5-06D356D08A2C}.Release|x64.ActiveCfg = Release|Any CPU
		{E402EF6A-7D84-4ED0-BAA5-06D356D08A2C}.Release|x64.Build.0 = Release|Any CPU
		{E402EF6A-7D84-4ED0-BAA5-06D356D08A2C}.Release|x86.ActiveCfg = Release|Any CPU
		{E402EF6A-7D84-4ED0-BAA5-06D356D08A2C}.Release|x86.Build.0 = Release|Any CPU
		{B0D57E47-613B-40B1-B57D-7F6D52771832}.Debug|Any CPU.ActiveCfg = Debug|Any CPU
		{B0D57E47-613B-40B1-B57D-7F6D52771832}.Debug|Any CPU.Build.0 = Debug|Any CPU
		{B0D57E47-613B-40B1-B57D-7F6D52771832}.Debug|x64.ActiveCfg = Debug|Any CPU
		{B0D57E47-613B-40B1-B57D-7F6D52771832}.Debug|x64.Build.0 = Debug|Any CPU
		{B0D57E47-613B-40B1-B57D-7F6D52771832}.Debug|x86.ActiveCfg = Debug|Any CPU
		{B0D57E47-613B-40B1-B57D-7F6D52771832}.Debug|x86.Build.0 = Debug|Any CPU
		{B0D57E47-613B-40B1-B57D-7F6D52771832}.Release|Any CPU.ActiveCfg = Release|Any CPU
		{B0D57E47-613B-40B1-B57D-7F6D52771832}.Release|Any CPU.Build.0 = Release|Any CPU
		{B0D57E47-613B-40B1-B57D-7F6D52771832}.Release|x64.ActiveCfg = Release|Any CPU
		{B0D57E47-613B-40B1-B57D-7F6D52771832}.Release|x64.Build.0 = Release|Any CPU
		{B0D57E47-613B-40B1-B57D-7F6D52771832}.Release|x86.ActiveCfg = Release|Any CPU
		{B0D57E47-613B-40B1-B57D-7F6D52771832}.Release|x86.Build.0 = Release|Any CPU
		{1F15624F-D626-4D4C-BDF0-DC85695FF6C9}.Debug|Any CPU.ActiveCfg = Debug|Any CPU
		{1F15624F-D626-4D4C-BDF0-DC85695FF6C9}.Debug|Any CPU.Build.0 = Debug|Any CPU
		{1F15624F-D626-4D4C-BDF0-DC85695FF6C9}.Debug|x64.ActiveCfg = Debug|Any CPU
		{1F15624F-D626-4D4C-BDF0-DC85695FF6C9}.Debug|x64.Build.0 = Debug|Any CPU
		{1F15624F-D626-4D4C-BDF0-DC85695FF6C9}.Debug|x86.ActiveCfg = Debug|Any CPU
		{1F15624F-D626-4D4C-BDF0-DC85695FF6C9}.Debug|x86.Build.0 = Debug|Any CPU
		{1F15624F-D626-4D4C-BDF0-DC85695FF6C9}.Release|Any CPU.ActiveCfg = Release|Any CPU
		{1F15624F-D626-4D4C-BDF0-DC85695FF6C9}.Release|Any CPU.Build.0 = Release|Any CPU
		{1F15624F-D626-4D4C-BDF0-DC85695FF6C9}.Release|x64.ActiveCfg = Release|Any CPU
		{1F15624F-D626-4D4C-BDF0-DC85695FF6C9}.Release|x64.Build.0 = Release|Any CPU
		{1F15624F-D626-4D4C-BDF0-DC85695FF6C9}.Release|x86.ActiveCfg = Release|Any CPU
		{1F15624F-D626-4D4C-BDF0-DC85695FF6C9}.Release|x86.Build.0 = Release|Any CPU
		{1BE3747A-60A1-472E-A6C2-2110BB5791ED}.Debug|Any CPU.ActiveCfg = Debug|Any CPU
		{1BE3747A-60A1-472E-A6C2-2110BB5791ED}.Debug|Any CPU.Build.0 = Debug|Any CPU
		{1BE3747A-60A1-472E-A6C2-2110BB5791ED}.Debug|x64.ActiveCfg = Debug|Any CPU
		{1BE3747A-60A1-472E-A6C2-2110BB5791ED}.Debug|x64.Build.0 = Debug|Any CPU
		{1BE3747A-60A1-472E-A6C2-2110BB5791ED}.Debug|x86.ActiveCfg = Debug|Any CPU
		{1BE3747A-60A1-472E-A6C2-2110BB5791ED}.Debug|x86.Build.0 = Debug|Any CPU
		{1BE3747A-60A1-472E-A6C2-2110BB5791ED}.Release|Any CPU.ActiveCfg = Release|Any CPU
		{1BE3747A-60A1-472E-A6C2-2110BB5791ED}.Release|Any CPU.Build.0 = Release|Any CPU
		{1BE3747A-60A1-472E-A6C2-2110BB5791ED}.Release|x64.ActiveCfg = Release|Any CPU
		{1BE3747A-60A1-472E-A6C2-2110BB5791ED}.Release|x64.Build.0 = Release|Any CPU
		{1BE3747A-60A1-472E-A6C2-2110BB5791ED}.Release|x86.ActiveCfg = Release|Any CPU
		{1BE3747A-60A1-472E-A6C2-2110BB5791ED}.Release|x86.Build.0 = Release|Any CPU
		{F7241C5B-C816-4057-980D-AEB0FC053EB3}.Debug|Any CPU.ActiveCfg = Debug|Any CPU
		{F7241C5B-C816-4057-980D-AEB0FC053EB3}.Debug|Any CPU.Build.0 = Debug|Any CPU
		{F7241C5B-C816-4057-980D-AEB0FC053EB3}.Debug|x64.ActiveCfg = Debug|Any CPU
		{F7241C5B-C816-4057-980D-AEB0FC053EB3}.Debug|x64.Build.0 = Debug|Any CPU
		{F7241C5B-C816-4057-980D-AEB0FC053EB3}.Debug|x86.ActiveCfg = Debug|Any CPU
		{F7241C5B-C816-4057-980D-AEB0FC053EB3}.Debug|x86.Build.0 = Debug|Any CPU
		{F7241C5B-C816-4057-980D-AEB0FC053EB3}.Release|Any CPU.ActiveCfg = Release|Any CPU
		{F7241C5B-C816-4057-980D-AEB0FC053EB3}.Release|Any CPU.Build.0 = Release|Any CPU
		{F7241C5B-C816-4057-980D-AEB0FC053EB3}.Release|x64.ActiveCfg = Release|Any CPU
		{F7241C5B-C816-4057-980D-AEB0FC053EB3}.Release|x64.Build.0 = Release|Any CPU
		{F7241C5B-C816-4057-980D-AEB0FC053EB3}.Release|x86.ActiveCfg = Release|Any CPU
		{F7241C5B-C816-4057-980D-AEB0FC053EB3}.Release|x86.Build.0 = Release|Any CPU
		{3E8C703C-D83D-4A7C-90DD-8119CBA9E28F}.Debug|Any CPU.ActiveCfg = Debug|Any CPU
		{3E8C703C-D83D-4A7C-90DD-8119CBA9E28F}.Debug|Any CPU.Build.0 = Debug|Any CPU
		{3E8C703C-D83D-4A7C-90DD-8119CBA9E28F}.Debug|x64.ActiveCfg = Debug|Any CPU
		{3E8C703C-D83D-4A7C-90DD-8119CBA9E28F}.Debug|x64.Build.0 = Debug|Any CPU
		{3E8C703C-D83D-4A7C-90DD-8119CBA9E28F}.Debug|x86.ActiveCfg = Debug|Any CPU
		{3E8C703C-D83D-4A7C-90DD-8119CBA9E28F}.Debug|x86.Build.0 = Debug|Any CPU
		{3E8C703C-D83D-4A7C-90DD-8119CBA9E28F}.Release|Any CPU.ActiveCfg = Release|Any CPU
		{3E8C703C-D83D-4A7C-90DD-8119CBA9E28F}.Release|Any CPU.Build.0 = Release|Any CPU
		{3E8C703C-D83D-4A7C-90DD-8119CBA9E28F}.Release|x64.ActiveCfg = Release|Any CPU
		{3E8C703C-D83D-4A7C-90DD-8119CBA9E28F}.Release|x64.Build.0 = Release|Any CPU
		{3E8C703C-D83D-4A7C-90DD-8119CBA9E28F}.Release|x86.ActiveCfg = Release|Any CPU
		{3E8C703C-D83D-4A7C-90DD-8119CBA9E28F}.Release|x86.Build.0 = Release|Any CPU
		{2314DEF7-5747-47A5-B0B2-4A0AFA9D81DA}.Debug|Any CPU.ActiveCfg = Debug|Any CPU
		{2314DEF7-5747-47A5-B0B2-4A0AFA9D81DA}.Debug|Any CPU.Build.0 = Debug|Any CPU
		{2314DEF7-5747-47A5-B0B2-4A0AFA9D81DA}.Debug|x64.ActiveCfg = Debug|Any CPU
		{2314DEF7-5747-47A5-B0B2-4A0AFA9D81DA}.Debug|x64.Build.0 = Debug|Any CPU
		{2314DEF7-5747-47A5-B0B2-4A0AFA9D81DA}.Debug|x86.ActiveCfg = Debug|Any CPU
		{2314DEF7-5747-47A5-B0B2-4A0AFA9D81DA}.Debug|x86.Build.0 = Debug|Any CPU
		{2314DEF7-5747-47A5-B0B2-4A0AFA9D81DA}.Release|Any CPU.ActiveCfg = Release|Any CPU
		{2314DEF7-5747-47A5-B0B2-4A0AFA9D81DA}.Release|Any CPU.Build.0 = Release|Any CPU
		{2314DEF7-5747-47A5-B0B2-4A0AFA9D81DA}.Release|x64.ActiveCfg = Release|Any CPU
		{2314DEF7-5747-47A5-B0B2-4A0AFA9D81DA}.Release|x64.Build.0 = Release|Any CPU
		{2314DEF7-5747-47A5-B0B2-4A0AFA9D81DA}.Release|x86.ActiveCfg = Release|Any CPU
		{2314DEF7-5747-47A5-B0B2-4A0AFA9D81DA}.Release|x86.Build.0 = Release|Any CPU
		{0C37E7CE-1642-4181-B707-94B90868008A}.Debug|Any CPU.ActiveCfg = Debug|Any CPU
		{0C37E7CE-1642-4181-B707-94B90868008A}.Debug|Any CPU.Build.0 = Debug|Any CPU
		{0C37E7CE-1642-4181-B707-94B90868008A}.Debug|x64.ActiveCfg = Debug|Any CPU
		{0C37E7CE-1642-4181-B707-94B90868008A}.Debug|x64.Build.0 = Debug|Any CPU
		{0C37E7CE-1642-4181-B707-94B90868008A}.Debug|x86.ActiveCfg = Debug|Any CPU
		{0C37E7CE-1642-4181-B707-94B90868008A}.Debug|x86.Build.0 = Debug|Any CPU
		{0C37E7CE-1642-4181-B707-94B90868008A}.Release|Any CPU.ActiveCfg = Release|Any CPU
		{0C37E7CE-1642-4181-B707-94B90868008A}.Release|Any CPU.Build.0 = Release|Any CPU
		{0C37E7CE-1642-4181-B707-94B90868008A}.Release|x64.ActiveCfg = Release|Any CPU
		{0C37E7CE-1642-4181-B707-94B90868008A}.Release|x64.Build.0 = Release|Any CPU
		{0C37E7CE-1642-4181-B707-94B90868008A}.Release|x86.ActiveCfg = Release|Any CPU
		{0C37E7CE-1642-4181-B707-94B90868008A}.Release|x86.Build.0 = Release|Any CPU
		{FD6AD081-1FFE-478C-9D71-C9B2B8C0489B}.Debug|Any CPU.ActiveCfg = Debug|Any CPU
		{FD6AD081-1FFE-478C-9D71-C9B2B8C0489B}.Debug|Any CPU.Build.0 = Debug|Any CPU
		{FD6AD081-1FFE-478C-9D71-C9B2B8C0489B}.Debug|x64.ActiveCfg = Debug|Any CPU
		{FD6AD081-1FFE-478C-9D71-C9B2B8C0489B}.Debug|x64.Build.0 = Debug|Any CPU
		{FD6AD081-1FFE-478C-9D71-C9B2B8C0489B}.Debug|x86.ActiveCfg = Debug|Any CPU
		{FD6AD081-1FFE-478C-9D71-C9B2B8C0489B}.Debug|x86.Build.0 = Debug|Any CPU
		{FD6AD081-1FFE-478C-9D71-C9B2B8C0489B}.Release|Any CPU.ActiveCfg = Release|Any CPU
		{FD6AD081-1FFE-478C-9D71-C9B2B8C0489B}.Release|Any CPU.Build.0 = Release|Any CPU
		{FD6AD081-1FFE-478C-9D71-C9B2B8C0489B}.Release|x64.ActiveCfg = Release|Any CPU
		{FD6AD081-1FFE-478C-9D71-C9B2B8C0489B}.Release|x64.Build.0 = Release|Any CPU
		{FD6AD081-1FFE-478C-9D71-C9B2B8C0489B}.Release|x86.ActiveCfg = Release|Any CPU
		{FD6AD081-1FFE-478C-9D71-C9B2B8C0489B}.Release|x86.Build.0 = Release|Any CPU
		{1BE1A04E-2A75-43F9-85F5-2F3A9C91CDEB}.Debug|Any CPU.ActiveCfg = Debug|Any CPU
		{1BE1A04E-2A75-43F9-85F5-2F3A9C91CDEB}.Debug|Any CPU.Build.0 = Debug|Any CPU
		{1BE1A04E-2A75-43F9-85F5-2F3A9C91CDEB}.Debug|x64.ActiveCfg = Debug|Any CPU
		{1BE1A04E-2A75-43F9-85F5-2F3A9C91CDEB}.Debug|x64.Build.0 = Debug|Any CPU
		{1BE1A04E-2A75-43F9-85F5-2F3A9C91CDEB}.Debug|x86.ActiveCfg = Debug|Any CPU
		{1BE1A04E-2A75-43F9-85F5-2F3A9C91CDEB}.Debug|x86.Build.0 = Debug|Any CPU
		{1BE1A04E-2A75-43F9-85F5-2F3A9C91CDEB}.Release|Any CPU.ActiveCfg = Release|Any CPU
		{1BE1A04E-2A75-43F9-85F5-2F3A9C91CDEB}.Release|Any CPU.Build.0 = Release|Any CPU
		{1BE1A04E-2A75-43F9-85F5-2F3A9C91CDEB}.Release|x64.ActiveCfg = Release|Any CPU
		{1BE1A04E-2A75-43F9-85F5-2F3A9C91CDEB}.Release|x64.Build.0 = Release|Any CPU
		{1BE1A04E-2A75-43F9-85F5-2F3A9C91CDEB}.Release|x86.ActiveCfg = Release|Any CPU
		{1BE1A04E-2A75-43F9-85F5-2F3A9C91CDEB}.Release|x86.Build.0 = Release|Any CPU
		{D45EC876-7484-417B-8CFE-A40FF225B598}.Debug|Any CPU.ActiveCfg = Debug|Any CPU
		{D45EC876-7484-417B-8CFE-A40FF225B598}.Debug|Any CPU.Build.0 = Debug|Any CPU
		{D45EC876-7484-417B-8CFE-A40FF225B598}.Debug|x64.ActiveCfg = Debug|Any CPU
		{D45EC876-7484-417B-8CFE-A40FF225B598}.Debug|x64.Build.0 = Debug|Any CPU
		{D45EC876-7484-417B-8CFE-A40FF225B598}.Debug|x86.ActiveCfg = Debug|Any CPU
		{D45EC876-7484-417B-8CFE-A40FF225B598}.Debug|x86.Build.0 = Debug|Any CPU
		{D45EC876-7484-417B-8CFE-A40FF225B598}.Release|Any CPU.ActiveCfg = Release|Any CPU
		{D45EC876-7484-417B-8CFE-A40FF225B598}.Release|Any CPU.Build.0 = Release|Any CPU
		{D45EC876-7484-417B-8CFE-A40FF225B598}.Release|x64.ActiveCfg = Release|Any CPU
		{D45EC876-7484-417B-8CFE-A40FF225B598}.Release|x64.Build.0 = Release|Any CPU
		{D45EC876-7484-417B-8CFE-A40FF225B598}.Release|x86.ActiveCfg = Release|Any CPU
		{D45EC876-7484-417B-8CFE-A40FF225B598}.Release|x86.Build.0 = Release|Any CPU
	EndGlobalSection
	GlobalSection(SolutionProperties) = preSolution
		HideSolutionNode = FALSE
	EndGlobalSection
	GlobalSection(NestedProjects) = preSolution
		{C70A75D3-97F9-469C-BC44-07A34DB9454F} = {80F04E3C-FAA2-403D-BB0B-371424F9B9E4}
		{E402EF6A-7D84-4ED0-BAA5-06D356D08A2C} = {80F04E3C-FAA2-403D-BB0B-371424F9B9E4}
		{1BE3747A-60A1-472E-A6C2-2110BB5791ED} = {80F04E3C-FAA2-403D-BB0B-371424F9B9E4}
		{F7241C5B-C816-4057-980D-AEB0FC053EB3} = {80F04E3C-FAA2-403D-BB0B-371424F9B9E4}
		{1BE1A04E-2A75-43F9-85F5-2F3A9C91CDEB} = {80F04E3C-FAA2-403D-BB0B-371424F9B9E4}
	EndGlobalSection
	GlobalSection(ExtensibilityGlobals) = postSolution
		SolutionGuid = {149F6FE8-F051-424E-B10B-8764F2F27433}
	EndGlobalSection
EndGlobal
